<?xml version="1.0" encoding="utf-8"?>
<Project ToolsVersion="4.0" xmlns="http://schemas.microsoft.com/developer/msbuild/2003">
  <ItemGroup>
    <ClCompile Include="hdu.c" />
    <ClCompile Include="mlsp.c" />
    <ClCompile Include="hvd.c" />
    <ClCompile Include="nhvd.c" />
    <ClCompile Include="unhvd.cpp" />
    <ClCompile Include="aaos.c" />
  </ItemGroup>
  <ItemGroup>
    <ClInclude Include="hdu.h" />
    <ClInclude Include="mlsp.h" />
    <ClInclude Include="hvd.h" />
    <ClInclude Include="nhvd.h" />
    <ClInclude Include="unhvd.h" />
    <ClInclude Include="aaos.h" />
  </ItemGroup>
</Project>